
Microsoft Visual Studio Solution File, Format Version 12.00
# Visual Studio 2012
Project("{FAE04EC0-301F-11D3-BF4B-00C04F79EFBC}") = "AspNetBundling", "AspNetBundling\AspNetBundling.csproj", "{E74B2414-29C4-41F8-9C7A-09CDF0A0D483}"
EndProject
Global
	GlobalSection(SolutionConfigurationPlatforms) = preSolution
		Debug|Any CPU = Debug|Any CPU
		Release|Any CPU = Release|Any CPU
	EndGlobalSection
	GlobalSection(ProjectConfigurationPlatforms) = postSolution
		{E74B2414-29C4-41F8-9C7A-09CDF0A0D483}.Debug|Any CPU.ActiveCfg = Debug|Any CPU
		{E74B2414-29C4-41F8-9C7A-09CDF0A0D483}.Debug|Any CPU.Build.0 = Debug|Any CPU
		{E74B2414-29C4-41F8-9C7A-09CDF0A0D483}.Release|Any CPU.ActiveCfg = Release|Any CPU
		{E74B2414-29C4-41F8-9C7A-09CDF0A0D483}.Release|Any CPU.Build.0 = Release|Any CPU
	EndGlobalSection
	GlobalSection(SolutionProperties) = preSolution
		HideSolutionNode = FALSE
	EndGlobalSection
EndGlobal
